// !$*UTF8*$!
{
	archiveVersion = 1;
	classes = {
	};
	objectVersion = 56;
	objects = {

/* Begin PBXBuildFile section */
		67FCADA729242C5300632156 /* AppDelegate.swift in Sources */ = {isa = PBXBuildFile; fileRef = 67FCADA629242C5300632156 /* AppDelegate.swift */; };
		67FCADA929242C5300632156 /* SceneDelegate.swift in Sources */ = {isa = PBXBuildFile; fileRef = 67FCADA829242C5300632156 /* SceneDelegate.swift */; };
		67FCADAB29242C5300632156 /* ReminderListViewController.swift in Sources */ = {isa = PBXBuildFile; fileRef = 67FCADAA29242C5300632156 /* ReminderListViewController.swift */; };
		67FCADAE29242C5300632156 /* Main.storyboard in Resources */ = {isa = PBXBuildFile; fileRef = 67FCADAC29242C5300632156 /* Main.storyboard */; };
		67FCADB029242C5400632156 /* Assets.xcassets in Resources */ = {isa = PBXBuildFile; fileRef = 67FCADAF29242C5400632156 /* Assets.xcassets */; };
		67FCADB329242C5400632156 /* LaunchScreen.storyboard in Resources */ = {isa = PBXBuildFile; fileRef = 67FCADB129242C5400632156 /* LaunchScreen.storyboard */; };
		67FCADBE29242C5400632156 /* TodayTests.swift in Sources */ = {isa = PBXBuildFile; fileRef = 67FCADBD29242C5400632156 /* TodayTests.swift */; };
		67FCADC829242C5400632156 /* TodayUITests.swift in Sources */ = {isa = PBXBuildFile; fileRef = 67FCADC729242C5400632156 /* TodayUITests.swift */; };
		67FCADCA29242C5400632156 /* TodayUITestsLaunchTests.swift in Sources */ = {isa = PBXBuildFile; fileRef = 67FCADC929242C5400632156 /* TodayUITestsLaunchTests.swift */; };
		67FCADD829242E1200632156 /* Reminder.swift in Sources */ = {isa = PBXBuildFile; fileRef = 67FCADD729242E1200632156 /* Reminder.swift */; };
		67FCADDA2924358500632156 /* Date+Today.swift in Sources */ = {isa = PBXBuildFile; fileRef = 67FCADD92924358500632156 /* Date+Today.swift */; };
		67FCADDF2924376C00632156 /* ReminderListViewController+DataSource.swift in Sources */ = {isa = PBXBuildFile; fileRef = 67FCADDE2924376C00632156 /* ReminderListViewController+DataSource.swift */; };
		67FCADE129243CEB00632156 /* UIColor+Today.swift in Sources */ = {isa = PBXBuildFile; fileRef = 67FCADE029243CEB00632156 /* UIColor+Today.swift */; };
		67FCADE329253A7000632156 /* ReminderDoneButton.swift in Sources */ = {isa = PBXBuildFile; fileRef = 67FCADE229253A7000632156 /* ReminderDoneButton.swift */; };
		67FCADE529253AF100632156 /* ReminderListViewController+Actions.swift in Sources */ = {isa = PBXBuildFile; fileRef = 67FCADE429253AF100632156 /* ReminderListViewController+Actions.swift */; };
		67FCADE72925403100632156 /* ReminderViewController.swift in Sources */ = {isa = PBXBuildFile; fileRef = 67FCADE62925403100632156 /* ReminderViewController.swift */; };
		67FCADEA2925418500632156 /* ReminderViewController+Row.swift in Sources */ = {isa = PBXBuildFile; fileRef = 67FCADE92925418500632156 /* ReminderViewController+Row.swift */; };
		67FCADEC292572F500632156 /* ReminderViewController+Section.swift in Sources */ = {isa = PBXBuildFile; fileRef = 67FCADEB292572F500632156 /* ReminderViewController+Section.swift */; };
		67FCADEE292578AA00632156 /* ReminderViewController+CellConfiguration.swift in Sources */ = {isa = PBXBuildFile; fileRef = 67FCADED292578AA00632156 /* ReminderViewController+CellConfiguration.swift */; };
		67FCADF129257A3100632156 /* UIView+PinnedSubview.swift in Sources */ = {isa = PBXBuildFile; fileRef = 67FCADF029257A3100632156 /* UIView+PinnedSubview.swift */; };
		67FCADF329257B9A00632156 /* TextFieldContentView.swift in Sources */ = {isa = PBXBuildFile; fileRef = 67FCADF229257B9A00632156 /* TextFieldContentView.swift */; };
		67FCADF529257C8C00632156 /* UIContentConfiguration+Stateless.swift in Sources */ = {isa = PBXBuildFile; fileRef = 67FCADF429257C8C00632156 /* UIContentConfiguration+Stateless.swift */; };
		67FCADF729257F7E00632156 /* TextViewContentView.swift in Sources */ = {isa = PBXBuildFile; fileRef = 67FCADF629257F7E00632156 /* TextViewContentView.swift */; };
		67FCADF92925807400632156 /* DatePickerContentView.swift in Sources */ = {isa = PBXBuildFile; fileRef = 67FCADF82925807400632156 /* DatePickerContentView.swift */; };
		67FCADFB2926808300632156 /* ReminderListStyle.swift in Sources */ = {isa = PBXBuildFile; fileRef = 67FCADFA2926808300632156 /* ReminderListStyle.swift */; };
		67FCADFD2926BEC900632156 /* ProgressHeaderView.swift in Sources */ = {isa = PBXBuildFile; fileRef = 67FCADFC2926BEC900632156 /* ProgressHeaderView.swift */; };
		67FCADFF2926C6F700632156 /* CAGradientLayer+ListStyle.swift in Sources */ = {isa = PBXBuildFile; fileRef = 67FCADFE2926C6F700632156 /* CAGradientLayer+ListStyle.swift */; };
		67FCAE012926CA0400632156 /* TodayError.swift in Sources */ = {isa = PBXBuildFile; fileRef = 67FCAE002926CA0400632156 /* TodayError.swift */; };
		67FCAE032926CA5E00632156 /* EKEventStore+AsyncFetch.swift in Sources */ = {isa = PBXBuildFile; fileRef = 67FCAE022926CA5E00632156 /* EKEventStore+AsyncFetch.swift */; };
		67FCAE052926CB6000632156 /* Reminder+EKReminder.swift in Sources */ = {isa = PBXBuildFile; fileRef = 67FCAE042926CB6000632156 /* Reminder+EKReminder.swift */; };
		67FCAE072926CBE700632156 /* ReminderStore.swift in Sources */ = {isa = PBXBuildFile; fileRef = 67FCAE062926CBE700632156 /* ReminderStore.swift */; };
		67FCAE092926DB0F00632156 /* EKReminder+Reminder.swift in Sources */ = {isa = PBXBuildFile; fileRef = 67FCAE082926DB0F00632156 /* EKReminder+Reminder.swift */; };
/* End PBXBuildFile section */

/* Begin PBXContainerItemProxy section */
		67FCADBA29242C5400632156 /* PBXContainerItemProxy */ = {
			isa = PBXContainerItemProxy;
			containerPortal = 67FCAD9B29242C5300632156 /* Project object */;
			proxyType = 1;
			remoteGlobalIDString = 67FCADA229242C5300632156;
			remoteInfo = Today;
		};
		67FCADC429242C5400632156 /* PBXContainerItemProxy */ = {
			isa = PBXContainerItemProxy;
			containerPortal = 67FCAD9B29242C5300632156 /* Project object */;
			proxyType = 1;
			remoteGlobalIDString = 67FCADA229242C5300632156;
			remoteInfo = Today;
		};
/* End PBXContainerItemProxy section */

/* Begin PBXFileReference section */
		67FCADA329242C5300632156 /* Today.app */ = {isa = PBXFileReference; explicitFileType = wrapper.application; includeInIndex = 0; path = Today.app; sourceTree = BUILT_PRODUCTS_DIR; };
		67FCADA629242C5300632156 /* AppDelegate.swift */ = {isa = PBXFileReference; lastKnownFileType = sourcecode.swift; path = AppDelegate.swift; sourceTree = "<group>"; };
		67FCADA829242C5300632156 /* SceneDelegate.swift */ = {isa = PBXFileReference; lastKnownFileType = sourcecode.swift; path = SceneDelegate.swift; sourceTree = "<group>"; };
		67FCADAA29242C5300632156 /* ReminderListViewController.swift */ = {isa = PBXFileReference; lastKnownFileType = sourcecode.swift; path = ReminderListViewController.swift; sourceTree = "<group>"; };
		67FCADAD29242C5300632156 /* Base */ = {isa = PBXFileReference; lastKnownFileType = file.storyboard; name = Base; path = Base.lproj/Main.storyboard; sourceTree = "<group>"; };
		67FCADAF29242C5400632156 /* Assets.xcassets */ = {isa = PBXFileReference; lastKnownFileType = folder.assetcatalog; path = Assets.xcassets; sourceTree = "<group>"; };
		67FCADB229242C5400632156 /* Base */ = {isa = PBXFileReference; lastKnownFileType = file.storyboard; name = Base; path = Base.lproj/LaunchScreen.storyboard; sourceTree = "<group>"; };
		67FCADB429242C5400632156 /* Info.plist */ = {isa = PBXFileReference; lastKnownFileType = text.plist.xml; path = Info.plist; sourceTree = "<group>"; };
		67FCADB929242C5400632156 /* TodayTests.xctest */ = {isa = PBXFileReference; explicitFileType = wrapper.cfbundle; includeInIndex = 0; path = TodayTests.xctest; sourceTree = BUILT_PRODUCTS_DIR; };
		67FCADBD29242C5400632156 /* TodayTests.swift */ = {isa = PBXFileReference; lastKnownFileType = sourcecode.swift; path = TodayTests.swift; sourceTree = "<group>"; };
		67FCADC329242C5400632156 /* TodayUITests.xctest */ = {isa = PBXFileReference; explicitFileType = wrapper.cfbundle; includeInIndex = 0; path = TodayUITests.xctest; sourceTree = BUILT_PRODUCTS_DIR; };
		67FCADC729242C5400632156 /* TodayUITests.swift */ = {isa = PBXFileReference; lastKnownFileType = sourcecode.swift; path = TodayUITests.swift; sourceTree = "<group>"; };
		67FCADC929242C5400632156 /* TodayUITestsLaunchTests.swift */ = {isa = PBXFileReference; lastKnownFileType = sourcecode.swift; path = TodayUITestsLaunchTests.swift; sourceTree = "<group>"; };
		67FCADD729242E1200632156 /* Reminder.swift */ = {isa = PBXFileReference; lastKnownFileType = sourcecode.swift; path = Reminder.swift; sourceTree = "<group>"; };
		67FCADD92924358500632156 /* Date+Today.swift */ = {isa = PBXFileReference; lastKnownFileType = sourcecode.swift; path = "Date+Today.swift"; sourceTree = "<group>"; };
		67FCADDE2924376C00632156 /* ReminderListViewController+DataSource.swift */ = {isa = PBXFileReference; lastKnownFileType = sourcecode.swift; path = "ReminderListViewController+DataSource.swift"; sourceTree = "<group>"; };
		67FCADE029243CEB00632156 /* UIColor+Today.swift */ = {isa = PBXFileReference; lastKnownFileType = sourcecode.swift; path = "UIColor+Today.swift"; sourceTree = "<group>"; };
		67FCADE229253A7000632156 /* ReminderDoneButton.swift */ = {isa = PBXFileReference; lastKnownFileType = sourcecode.swift; path = ReminderDoneButton.swift; sourceTree = "<group>"; };
		67FCADE429253AF100632156 /* ReminderListViewController+Actions.swift */ = {isa = PBXFileReference; lastKnownFileType = sourcecode.swift; path = "ReminderListViewController+Actions.swift"; sourceTree = "<group>"; };
		67FCADE62925403100632156 /* ReminderViewController.swift */ = {isa = PBXFileReference; lastKnownFileType = sourcecode.swift; path = ReminderViewController.swift; sourceTree = "<group>"; };
		67FCADE92925418500632156 /* ReminderViewController+Row.swift */ = {isa = PBXFileReference; lastKnownFileType = sourcecode.swift; path = "ReminderViewController+Row.swift"; sourceTree = "<group>"; };
		67FCADEB292572F500632156 /* ReminderViewController+Section.swift */ = {isa = PBXFileReference; lastKnownFileType = sourcecode.swift; path = "ReminderViewController+Section.swift"; sourceTree = "<group>"; };
		67FCADED292578AA00632156 /* ReminderViewController+CellConfiguration.swift */ = {isa = PBXFileReference; lastKnownFileType = sourcecode.swift; path = "ReminderViewController+CellConfiguration.swift"; sourceTree = "<group>"; };
		67FCADF029257A3100632156 /* UIView+PinnedSubview.swift */ = {isa = PBXFileReference; lastKnownFileType = sourcecode.swift; path = "UIView+PinnedSubview.swift"; sourceTree = "<group>"; };
		67FCADF229257B9A00632156 /* TextFieldContentView.swift */ = {isa = PBXFileReference; lastKnownFileType = sourcecode.swift; path = TextFieldContentView.swift; sourceTree = "<group>"; };
		67FCADF429257C8C00632156 /* UIContentConfiguration+Stateless.swift */ = {isa = PBXFileReference; lastKnownFileType = sourcecode.swift; path = "UIContentConfiguration+Stateless.swift"; sourceTree = "<group>"; };
		67FCADF629257F7E00632156 /* TextViewContentView.swift */ = {isa = PBXFileReference; lastKnownFileType = sourcecode.swift; path = TextViewContentView.swift; sourceTree = "<group>"; };
		67FCADF82925807400632156 /* DatePickerContentView.swift */ = {isa = PBXFileReference; lastKnownFileType = sourcecode.swift; path = DatePickerContentView.swift; sourceTree = "<group>"; };
		67FCADFA2926808300632156 /* ReminderListStyle.swift */ = {isa = PBXFileReference; lastKnownFileType = sourcecode.swift; path = ReminderListStyle.swift; sourceTree = "<group>"; };
		67FCADFC2926BEC900632156 /* ProgressHeaderView.swift */ = {isa = PBXFileReference; lastKnownFileType = sourcecode.swift; path = ProgressHeaderView.swift; sourceTree = "<group>"; };
		67FCADFE2926C6F700632156 /* CAGradientLayer+ListStyle.swift */ = {isa = PBXFileReference; lastKnownFileType = sourcecode.swift; path = "CAGradientLayer+ListStyle.swift"; sourceTree = "<group>"; };
		67FCAE002926CA0400632156 /* TodayError.swift */ = {isa = PBXFileReference; lastKnownFileType = sourcecode.swift; path = TodayError.swift; sourceTree = "<group>"; };
		67FCAE022926CA5E00632156 /* EKEventStore+AsyncFetch.swift */ = {isa = PBXFileReference; lastKnownFileType = sourcecode.swift; path = "EKEventStore+AsyncFetch.swift"; sourceTree = "<group>"; };
		67FCAE042926CB6000632156 /* Reminder+EKReminder.swift */ = {isa = PBXFileReference; lastKnownFileType = sourcecode.swift; path = "Reminder+EKReminder.swift"; sourceTree = "<group>"; };
		67FCAE062926CBE700632156 /* ReminderStore.swift */ = {isa = PBXFileReference; lastKnownFileType = sourcecode.swift; path = ReminderStore.swift; sourceTree = "<group>"; };
		67FCAE082926DB0F00632156 /* EKReminder+Reminder.swift */ = {isa = PBXFileReference; lastKnownFileType = sourcecode.swift; path = "EKReminder+Reminder.swift"; sourceTree = "<group>"; };
/* End PBXFileReference section */

/* Begin PBXFrameworksBuildPhase section */
		67FCADA029242C5300632156 /* Frameworks */ = {
			isa = PBXFrameworksBuildPhase;
			buildActionMask = 2147483647;
			files = (
			);
			runOnlyForDeploymentPostprocessing = 0;
		};
		67FCADB629242C5400632156 /* Frameworks */ = {
			isa = PBXFrameworksBuildPhase;
			buildActionMask = 2147483647;
			files = (
			);
			runOnlyForDeploymentPostprocessing = 0;
		};
		67FCADC029242C5400632156 /* Frameworks */ = {
			isa = PBXFrameworksBuildPhase;
			buildActionMask = 2147483647;
			files = (
			);
			runOnlyForDeploymentPostprocessing = 0;
		};
/* End PBXFrameworksBuildPhase section */

/* Begin PBXGroup section */
		67FCAD9A29242C5300632156 = {
			isa = PBXGroup;
			children = (
				67FCADA529242C5300632156 /* Today */,
				67FCADBC29242C5400632156 /* TodayTests */,
				67FCADC629242C5400632156 /* TodayUITests */,
				67FCADA429242C5300632156 /* Products */,
			);
			sourceTree = "<group>";
		};
		67FCADA429242C5300632156 /* Products */ = {
			isa = PBXGroup;
			children = (
				67FCADA329242C5300632156 /* Today.app */,
				67FCADB929242C5400632156 /* TodayTests.xctest */,
				67FCADC329242C5400632156 /* TodayUITests.xctest */,
			);
			name = Products;
			sourceTree = "<group>";
		};
		67FCADA529242C5300632156 /* Today */ = {
			isa = PBXGroup;
			children = (
				67FCADEF29257A1000632156 /* ContentViews */,
				67FCADD629242DF800632156 /* Models */,
				67FCADA629242C5300632156 /* AppDelegate.swift */,
				67FCADA829242C5300632156 /* SceneDelegate.swift */,
				67FCADE82925416700632156 /* DetailViewController */,
				67FCADDD2924374800632156 /* ListViewController */,
				67FCADAC29242C5300632156 /* Main.storyboard */,
				67FCADAF29242C5400632156 /* Assets.xcassets */,
				67FCADB129242C5400632156 /* LaunchScreen.storyboard */,
				67FCADB429242C5400632156 /* Info.plist */,
			);
			path = Today;
			sourceTree = "<group>";
		};
		67FCADBC29242C5400632156 /* TodayTests */ = {
			isa = PBXGroup;
			children = (
				67FCADBD29242C5400632156 /* TodayTests.swift */,
			);
			path = TodayTests;
			sourceTree = "<group>";
		};
		67FCADC629242C5400632156 /* TodayUITests */ = {
			isa = PBXGroup;
			children = (
				67FCADC729242C5400632156 /* TodayUITests.swift */,
				67FCADC929242C5400632156 /* TodayUITestsLaunchTests.swift */,
			);
			path = TodayUITests;
			sourceTree = "<group>";
		};
		67FCADD629242DF800632156 /* Models */ = {
			isa = PBXGroup;
			children = (
				67FCADD729242E1200632156 /* Reminder.swift */,
				67FCADD92924358500632156 /* Date+Today.swift */,
				67FCADE029243CEB00632156 /* UIColor+Today.swift */,
				67FCADFA2926808300632156 /* ReminderListStyle.swift */,
				67FCADFE2926C6F700632156 /* CAGradientLayer+ListStyle.swift */,
				67FCAE002926CA0400632156 /* TodayError.swift */,
				67FCAE022926CA5E00632156 /* EKEventStore+AsyncFetch.swift */,
				67FCAE042926CB6000632156 /* Reminder+EKReminder.swift */,
				67FCAE062926CBE700632156 /* ReminderStore.swift */,
				67FCAE082926DB0F00632156 /* EKReminder+Reminder.swift */,
			);
			path = Models;
			sourceTree = "<group>";
		};
		67FCADDD2924374800632156 /* ListViewController */ = {
			isa = PBXGroup;
			children = (
				67FCADAA29242C5300632156 /* ReminderListViewController.swift */,
				67FCADDE2924376C00632156 /* ReminderListViewController+DataSource.swift */,
				67FCADE429253AF100632156 /* ReminderListViewController+Actions.swift */,
				67FCADFC2926BEC900632156 /* ProgressHeaderView.swift */,
			);
			path = ListViewController;
			sourceTree = "<group>";
		};
		67FCADE82925416700632156 /* DetailViewController */ = {
			isa = PBXGroup;
			children = (
				67FCADE62925403100632156 /* ReminderViewController.swift */,
				67FCADE92925418500632156 /* ReminderViewController+Row.swift */,
				67FCADEB292572F500632156 /* ReminderViewController+Section.swift */,
				67FCADED292578AA00632156 /* ReminderViewController+CellConfiguration.swift */,
			);
			path = DetailViewController;
			sourceTree = "<group>";
		};
		67FCADEF29257A1000632156 /* ContentViews */ = {
			isa = PBXGroup;
			children = (
				67FCADE229253A7000632156 /* ReminderDoneButton.swift */,
				67FCADF029257A3100632156 /* UIView+PinnedSubview.swift */,
				67FCADF229257B9A00632156 /* TextFieldContentView.swift */,
				67FCADF429257C8C00632156 /* UIContentConfiguration+Stateless.swift */,
				67FCADF629257F7E00632156 /* TextViewContentView.swift */,
				67FCADF82925807400632156 /* DatePickerContentView.swift */,
			);
			path = ContentViews;
			sourceTree = "<group>";
		};
/* End PBXGroup section */

/* Begin PBXNativeTarget section */
		67FCADA229242C5300632156 /* Today */ = {
			isa = PBXNativeTarget;
			buildConfigurationList = 67FCADCD29242C5400632156 /* Build configuration list for PBXNativeTarget "Today" */;
			buildPhases = (
				67FCAD9F29242C5300632156 /* Sources */,
				67FCADA029242C5300632156 /* Frameworks */,
				67FCADA129242C5300632156 /* Resources */,
			);
			buildRules = (
			);
			dependencies = (
			);
			name = Today;
			productName = Today;
			productReference = 67FCADA329242C5300632156 /* Today.app */;
			productType = "com.apple.product-type.application";
		};
		67FCADB829242C5400632156 /* TodayTests */ = {
			isa = PBXNativeTarget;
			buildConfigurationList = 67FCADD029242C5400632156 /* Build configuration list for PBXNativeTarget "TodayTests" */;
			buildPhases = (
				67FCADB529242C5400632156 /* Sources */,
				67FCADB629242C5400632156 /* Frameworks */,
				67FCADB729242C5400632156 /* Resources */,
			);
			buildRules = (
			);
			dependencies = (
				67FCADBB29242C5400632156 /* PBXTargetDependency */,
			);
			name = TodayTests;
			productName = TodayTests;
			productReference = 67FCADB929242C5400632156 /* TodayTests.xctest */;
			productType = "com.apple.product-type.bundle.unit-test";
		};
		67FCADC229242C5400632156 /* TodayUITests */ = {
			isa = PBXNativeTarget;
			buildConfigurationList = 67FCADD329242C5400632156 /* Build configuration list for PBXNativeTarget "TodayUITests" */;
			buildPhases = (
				67FCADBF29242C5400632156 /* Sources */,
				67FCADC029242C5400632156 /* Frameworks */,
				67FCADC129242C5400632156 /* Resources */,
			);
			buildRules = (
			);
			dependencies = (
				67FCADC529242C5400632156 /* PBXTargetDependency */,
			);
			name = TodayUITests;
			productName = TodayUITests;
			productReference = 67FCADC329242C5400632156 /* TodayUITests.xctest */;
			productType = "com.apple.product-type.bundle.ui-testing";
		};
/* End PBXNativeTarget section */

/* Begin PBXProject section */
		67FCAD9B29242C5300632156 /* Project object */ = {
			isa = PBXProject;
			attributes = {
				BuildIndependentTargetsInParallel = 1;
				LastSwiftUpdateCheck = 1410;
				LastUpgradeCheck = 1410;
				TargetAttributes = {
					67FCADA229242C5300632156 = {
						CreatedOnToolsVersion = 14.1;
					};
					67FCADB829242C5400632156 = {
						CreatedOnToolsVersion = 14.1;
						TestTargetID = 67FCADA229242C5300632156;
					};
					67FCADC229242C5400632156 = {
						CreatedOnToolsVersion = 14.1;
						TestTargetID = 67FCADA229242C5300632156;
					};
				};
			};
			buildConfigurationList = 67FCAD9E29242C5300632156 /* Build configuration list for PBXProject "Today" */;
			compatibilityVersion = "Xcode 14.0";
			developmentRegion = en;
			hasScannedForEncodings = 0;
			knownRegions = (
				en,
				Base,
			);
			mainGroup = 67FCAD9A29242C5300632156;
			productRefGroup = 67FCADA429242C5300632156 /* Products */;
			projectDirPath = "";
			projectRoot = "";
			targets = (
				67FCADA229242C5300632156 /* Today */,
				67FCADB829242C5400632156 /* TodayTests */,
				67FCADC229242C5400632156 /* TodayUITests */,
			);
		};
/* End PBXProject section */

/* Begin PBXResourcesBuildPhase section */
		67FCADA129242C5300632156 /* Resources */ = {
			isa = PBXResourcesBuildPhase;
			buildActionMask = 2147483647;
			files = (
				67FCADB329242C5400632156 /* LaunchScreen.storyboard in Resources */,
				67FCADB029242C5400632156 /* Assets.xcassets in Resources */,
				67FCADAE29242C5300632156 /* Main.storyboard in Resources */,
			);
			runOnlyForDeploymentPostprocessing = 0;
		};
		67FCADB729242C5400632156 /* Resources */ = {
			isa = PBXResourcesBuildPhase;
			buildActionMask = 2147483647;
			files = (
			);
			runOnlyForDeploymentPostprocessing = 0;
		};
		67FCADC129242C5400632156 /* Resources */ = {
			isa = PBXResourcesBuildPhase;
			buildActionMask = 2147483647;
			files = (
			);
			runOnlyForDeploymentPostprocessing = 0;
		};
/* End PBXResourcesBuildPhase section */

/* Begin PBXSourcesBuildPhase section */
		67FCAD9F29242C5300632156 /* Sources */ = {
			isa = PBXSourcesBuildPhase;
			buildActionMask = 2147483647;
			files = (
				67FCADFD2926BEC900632156 /* ProgressHeaderView.swift in Sources */,
				67FCADF129257A3100632156 /* UIView+PinnedSubview.swift in Sources */,
				67FCADEC292572F500632156 /* ReminderViewController+Section.swift in Sources */,
				67FCADF92925807400632156 /* DatePickerContentView.swift in Sources */,
				67FCADE129243CEB00632156 /* UIColor+Today.swift in Sources */,
				67FCADE529253AF100632156 /* ReminderListViewController+Actions.swift in Sources */,
				67FCAE012926CA0400632156 /* TodayError.swift in Sources */,
				67FCADE72925403100632156 /* ReminderViewController.swift in Sources */,
				67FCADFB2926808300632156 /* ReminderListStyle.swift in Sources */,
				67FCADF529257C8C00632156 /* UIContentConfiguration+Stateless.swift in Sources */,
				67FCADAB29242C5300632156 /* ReminderListViewController.swift in Sources */,
				67FCADDA2924358500632156 /* Date+Today.swift in Sources */,
				67FCADF329257B9A00632156 /* TextFieldContentView.swift in Sources */,
				67FCADF729257F7E00632156 /* TextViewContentView.swift in Sources */,
				67FCADEA2925418500632156 /* ReminderViewController+Row.swift in Sources */,
				67FCADE329253A7000632156 /* ReminderDoneButton.swift in Sources */,
				67FCADA729242C5300632156 /* AppDelegate.swift in Sources */,
				67FCADEE292578AA00632156 /* ReminderViewController+CellConfiguration.swift in Sources */,
				67FCADA929242C5300632156 /* SceneDelegate.swift in Sources */,
				67FCAE052926CB6000632156 /* Reminder+EKReminder.swift in Sources */,
				67FCAE032926CA5E00632156 /* EKEventStore+AsyncFetch.swift in Sources */,
				67FCADD829242E1200632156 /* Reminder.swift in Sources */,
				67FCADFF2926C6F700632156 /* CAGradientLayer+ListStyle.swift in Sources */,
				67FCADDF2924376C00632156 /* ReminderListViewController+DataSource.swift in Sources */,
				67FCAE072926CBE700632156 /* ReminderStore.swift in Sources */,
				67FCAE092926DB0F00632156 /* EKReminder+Reminder.swift in Sources */,
			);
			runOnlyForDeploymentPostprocessing = 0;
		};
		67FCADB529242C5400632156 /* Sources */ = {
			isa = PBXSourcesBuildPhase;
			buildActionMask = 2147483647;
			files = (
				67FCADBE29242C5400632156 /* TodayTests.swift in Sources */,
			);
			runOnlyForDeploymentPostprocessing = 0;
		};
		67FCADBF29242C5400632156 /* Sources */ = {
			isa = PBXSourcesBuildPhase;
			buildActionMask = 2147483647;
			files = (
				67FCADCA29242C5400632156 /* TodayUITestsLaunchTests.swift in Sources */,
				67FCADC829242C5400632156 /* TodayUITests.swift in Sources */,
			);
			runOnlyForDeploymentPostprocessing = 0;
		};
/* End PBXSourcesBuildPhase section */

/* Begin PBXTargetDependency section */
		67FCADBB29242C5400632156 /* PBXTargetDependency */ = {
			isa = PBXTargetDependency;
			target = 67FCADA229242C5300632156 /* Today */;
			targetProxy = 67FCADBA29242C5400632156 /* PBXContainerItemProxy */;
		};
		67FCADC529242C5400632156 /* PBXTargetDependency */ = {
			isa = PBXTargetDependency;
			target = 67FCADA229242C5300632156 /* Today */;
			targetProxy = 67FCADC429242C5400632156 /* PBXContainerItemProxy */;
		};
/* End PBXTargetDependency section */

/* Begin PBXVariantGroup section */
		67FCADAC29242C5300632156 /* Main.storyboard */ = {
			isa = PBXVariantGroup;
			children = (
				67FCADAD29242C5300632156 /* Base */,
			);
			name = Main.storyboard;
			sourceTree = "<group>";
		};
		67FCADB129242C5400632156 /* LaunchScreen.storyboard */ = {
			isa = PBXVariantGroup;
			children = (
				67FCADB229242C5400632156 /* Base */,
			);
			name = LaunchScreen.storyboard;
			sourceTree = "<group>";
		};
/* End PBXVariantGroup section */

/* Begin XCBuildConfiguration section */
		67FCADCB29242C5400632156 /* Debug */ = {
			isa = XCBuildConfiguration;
			buildSettings = {
				ALWAYS_SEARCH_USER_PATHS = NO;
				CLANG_ANALYZER_NONNULL = YES;
				CLANG_ANALYZER_NUMBER_OBJECT_CONVERSION = YES_AGGRESSIVE;
				CLANG_CXX_LANGUAGE_STANDARD = "gnu++20";
				CLANG_ENABLE_MODULES = YES;
				CLANG_ENABLE_OBJC_ARC = YES;
				CLANG_ENABLE_OBJC_WEAK = YES;
				CLANG_WARN_BLOCK_CAPTURE_AUTORELEASING = YES;
				CLANG_WARN_BOOL_CONVERSION = YES;
				CLANG_WARN_COMMA = YES;
				CLANG_WARN_CONSTANT_CONVERSION = YES;
				CLANG_WARN_DEPRECATED_OBJC_IMPLEMENTATIONS = YES;
				CLANG_WARN_DIRECT_OBJC_ISA_USAGE = YES_ERROR;
				CLANG_WARN_DOCUMENTATION_COMMENTS = YES;
				CLANG_WARN_EMPTY_BODY = YES;
				CLANG_WARN_ENUM_CONVERSION = YES;
				CLANG_WARN_INFINITE_RECURSION = YES;
				CLANG_WARN_INT_CONVERSION = YES;
				CLANG_WARN_NON_LITERAL_NULL_CONVERSION = YES;
				CLANG_WARN_OBJC_IMPLICIT_RETAIN_SELF = YES;
				CLANG_WARN_OBJC_LITERAL_CONVERSION = YES;
				CLANG_WARN_OBJC_ROOT_CLASS = YES_ERROR;
				CLANG_WARN_QUOTED_INCLUDE_IN_FRAMEWORK_HEADER = YES;
				CLANG_WARN_RANGE_LOOP_ANALYSIS = YES;
				CLANG_WARN_STRICT_PROTOTYPES = YES;
				CLANG_WARN_SUSPICIOUS_MOVE = YES;
				CLANG_WARN_UNGUARDED_AVAILABILITY = YES_AGGRESSIVE;
				CLANG_WARN_UNREACHABLE_CODE = YES;
				CLANG_WARN__DUPLICATE_METHOD_MATCH = YES;
				COPY_PHASE_STRIP = NO;
				DEBUG_INFORMATION_FORMAT = dwarf;
				ENABLE_STRICT_OBJC_MSGSEND = YES;
				ENABLE_TESTABILITY = YES;
				GCC_C_LANGUAGE_STANDARD = gnu11;
				GCC_DYNAMIC_NO_PIC = NO;
				GCC_NO_COMMON_BLOCKS = YES;
				GCC_OPTIMIZATION_LEVEL = 0;
				GCC_PREPROCESSOR_DEFINITIONS = (
					"DEBUG=1",
					"$(inherited)",
				);
				GCC_WARN_64_TO_32_BIT_CONVERSION = YES;
				GCC_WARN_ABOUT_RETURN_TYPE = YES_ERROR;
				GCC_WARN_UNDECLARED_SELECTOR = YES;
				GCC_WARN_UNINITIALIZED_AUTOS = YES_AGGRESSIVE;
				GCC_WARN_UNUSED_FUNCTION = YES;
				GCC_WARN_UNUSED_VARIABLE = YES;
				IPHONEOS_DEPLOYMENT_TARGET = 16.1;
				MTL_ENABLE_DEBUG_INFO = INCLUDE_SOURCE;
				MTL_FAST_MATH = YES;
				ONLY_ACTIVE_ARCH = YES;
				SDKROOT = iphoneos;
				SWIFT_ACTIVE_COMPILATION_CONDITIONS = DEBUG;
				SWIFT_OPTIMIZATION_LEVEL = "-Onone";
			};
			name = Debug;
		};
		67FCADCC29242C5400632156 /* Release */ = {
			isa = XCBuildConfiguration;
			buildSettings = {
				ALWAYS_SEARCH_USER_PATHS = NO;
				CLANG_ANALYZER_NONNULL = YES;
				CLANG_ANALYZER_NUMBER_OBJECT_CONVERSION = YES_AGGRESSIVE;
				CLANG_CXX_LANGUAGE_STANDARD = "gnu++20";
				CLANG_ENABLE_MODULES = YES;
				CLANG_ENABLE_OBJC_ARC = YES;
				CLANG_ENABLE_OBJC_WEAK = YES;
				CLANG_WARN_BLOCK_CAPTURE_AUTORELEASING = YES;
				CLANG_WARN_BOOL_CONVERSION = YES;
				CLANG_WARN_COMMA = YES;
				CLANG_WARN_CONSTANT_CONVERSION = YES;
				CLANG_WARN_DEPRECATED_OBJC_IMPLEMENTATIONS = YES;
				CLANG_WARN_DIRECT_OBJC_ISA_USAGE = YES_ERROR;
				CLANG_WARN_DOCUMENTATION_COMMENTS = YES;
				CLANG_WARN_EMPTY_BODY = YES;
				CLANG_WARN_ENUM_CONVERSION = YES;
				CLANG_WARN_INFINITE_RECURSION = YES;
				CLANG_WARN_INT_CONVERSION = YES;
				CLANG_WARN_NON_LITERAL_NULL_CONVERSION = YES;
				CLANG_WARN_OBJC_IMPLICIT_RETAIN_SELF = YES;
				CLANG_WARN_OBJC_LITERAL_CONVERSION = YES;
				CLANG_WARN_OBJC_ROOT_CLASS = YES_ERROR;
				CLANG_WARN_QUOTED_INCLUDE_IN_FRAMEWORK_HEADER = YES;
				CLANG_WARN_RANGE_LOOP_ANALYSIS = YES;
				CLANG_WARN_STRICT_PROTOTYPES = YES;
				CLANG_WARN_SUSPICIOUS_MOVE = YES;
				CLANG_WARN_UNGUARDED_AVAILABILITY = YES_AGGRESSIVE;
				CLANG_WARN_UNREACHABLE_CODE = YES;
				CLANG_WARN__DUPLICATE_METHOD_MATCH = YES;
				COPY_PHASE_STRIP = NO;
				DEBUG_INFORMATION_FORMAT = "dwarf-with-dsym";
				ENABLE_NS_ASSERTIONS = NO;
				ENABLE_STRICT_OBJC_MSGSEND = YES;
				GCC_C_LANGUAGE_STANDARD = gnu11;
				GCC_NO_COMMON_BLOCKS = YES;
				GCC_WARN_64_TO_32_BIT_CONVERSION = YES;
				GCC_WARN_ABOUT_RETURN_TYPE = YES_ERROR;
				GCC_WARN_UNDECLARED_SELECTOR = YES;
				GCC_WARN_UNINITIALIZED_AUTOS = YES_AGGRESSIVE;
				GCC_WARN_UNUSED_FUNCTION = YES;
				GCC_WARN_UNUSED_VARIABLE = YES;
				IPHONEOS_DEPLOYMENT_TARGET = 16.1;
				MTL_ENABLE_DEBUG_INFO = NO;
				MTL_FAST_MATH = YES;
				SDKROOT = iphoneos;
				SWIFT_COMPILATION_MODE = wholemodule;
				SWIFT_OPTIMIZATION_LEVEL = "-O";
				VALIDATE_PRODUCT = YES;
			};
			name = Release;
		};
		67FCADCE29242C5400632156 /* Debug */ = {
			isa = XCBuildConfiguration;
			buildSettings = {
				ASSETCATALOG_COMPILER_APPICON_NAME = AppIcon;
				ASSETCATALOG_COMPILER_GLOBAL_ACCENT_COLOR_NAME = AccentColor;
				CODE_SIGN_STYLE = Automatic;
				CURRENT_PROJECT_VERSION = 1;
				GENERATE_INFOPLIST_FILE = YES;
				INFOPLIST_FILE = Today/Info.plist;
				INFOPLIST_KEY_NSRemindersUsageDescription = "Your reminders can help you stay on track";
				INFOPLIST_KEY_UIApplicationSupportsIndirectInputEvents = YES;
				INFOPLIST_KEY_UILaunchStoryboardName = LaunchScreen;
				INFOPLIST_KEY_UIMainStoryboardFile = Main;
				INFOPLIST_KEY_UISupportedInterfaceOrientations_iPad = "UIInterfaceOrientationPortrait UIInterfaceOrientationPortraitUpsideDown UIInterfaceOrientationLandscapeLeft UIInterfaceOrientationLandscapeRight";
				INFOPLIST_KEY_UISupportedInterfaceOrientations_iPhone = "UIInterfaceOrientationPortrait UIInterfaceOrientationLandscapeLeft UIInterfaceOrientationLandscapeRight";
				LD_RUNPATH_SEARCH_PATHS = (
					"$(inherited)",
					"@executable_path/Frameworks",
				);
				MARKETING_VERSION = 1.0;
				PRODUCT_BUNDLE_IDENTIFIER = com.example.Today;
				PRODUCT_NAME = "$(TARGET_NAME)";
				SWIFT_EMIT_LOC_STRINGS = YES;
				SWIFT_VERSION = 5.0;
				TARGETED_DEVICE_FAMILY = "1,2";
			};
			name = Debug;
		};
		67FCADCF29242C5400632156 /* Release */ = {
			isa = XCBuildConfiguration;
			buildSettings = {
				ASSETCATALOG_COMPILER_APPICON_NAME = AppIcon;
				ASSETCATALOG_COMPILER_GLOBAL_ACCENT_COLOR_NAME = AccentColor;
				CODE_SIGN_STYLE = Automatic;
				CURRENT_PROJECT_VERSION = 1;
				GENERATE_INFOPLIST_FILE = YES;
				INFOPLIST_FILE = Today/Info.plist;
				INFOPLIST_KEY_NSRemindersUsageDescription = "Your reminders can help you stay on track";
				INFOPLIST_KEY_UIApplicationSupportsIndirectInputEvents = YES;
				INFOPLIST_KEY_UILaunchStoryboardName = LaunchScreen;
				INFOPLIST_KEY_UIMainStoryboardFile = Main;
				INFOPLIST_KEY_UISupportedInterfaceOrientations_iPad = "UIInterfaceOrientationPortrait UIInterfaceOrientationPortraitUpsideDown UIInterfaceOrientationLandscapeLeft UIInterfaceOrientationLandscapeRight";
				INFOPLIST_KEY_UISupportedInterfaceOrientations_iPhone = "UIInterfaceOrientationPortrait UIInterfaceOrientationLandscapeLeft UIInterfaceOrientationLandscapeRight";
				LD_RUNPATH_SEARCH_PATHS = (
					"$(inherited)",
					"@executable_path/Frameworks",
				);
				MARKETING_VERSION = 1.0;
				PRODUCT_BUNDLE_IDENTIFIER = com.example.Today;
				PRODUCT_NAME = "$(TARGET_NAME)";
				SWIFT_EMIT_LOC_STRINGS = YES;
				SWIFT_VERSION = 5.0;
				TARGETED_DEVICE_FAMILY = "1,2";
			};
			name = Release;
		};
		67FCADD129242C5400632156 /* Debug */ = {
			isa = XCBuildConfiguration;
			buildSettings = {
				ALWAYS_EMBED_SWIFT_STANDARD_LIBRARIES = YES;
				BUNDLE_LOADER = "$(TEST_HOST)";
				CODE_SIGN_STYLE = Automatic;
				CURRENT_PROJECT_VERSION = 1;
				GENERATE_INFOPLIST_FILE = YES;
				IPHONEOS_DEPLOYMENT_TARGET = 16.1;
				MARKETING_VERSION = 1.0;
				PRODUCT_BUNDLE_IDENTIFIER = com.example.TodayTests;
				PRODUCT_NAME = "$(TARGET_NAME)";
				SWIFT_EMIT_LOC_STRINGS = NO;
				SWIFT_VERSION = 5.0;
				TARGETED_DEVICE_FAMILY = "1,2";
				TEST_HOST = "$(BUILT_PRODUCTS_DIR)/Today.app/$(BUNDLE_EXECUTABLE_FOLDER_PATH)/Today";
			};
			name = Debug;
		};
		67FCADD229242C5400632156 /* Release */ = {
			isa = XCBuildConfiguration;
			buildSettings = {
				ALWAYS_EMBED_SWIFT_STANDARD_LIBRARIES = YES;
				BUNDLE_LOADER = "$(TEST_HOST)";
				CODE_SIGN_STYLE = Automatic;
				CURRENT_PROJECT_VERSION = 1;
				GENERATE_INFOPLIST_FILE = YES;
				IPHONEOS_DEPLOYMENT_TARGET = 16.1;
				MARKETING_VERSION = 1.0;
				PRODUCT_BUNDLE_IDENTIFIER = com.example.TodayTests;
				PRODUCT_NAME = "$(TARGET_NAME)";
				SWIFT_EMIT_LOC_STRINGS = NO;
				SWIFT_VERSION = 5.0;
				TARGETED_DEVICE_FAMILY = "1,2";
				TEST_HOST = "$(BUILT_PRODUCTS_DIR)/Today.app/$(BUNDLE_EXECUTABLE_FOLDER_PATH)/Today";
			};
			name = Release;
		};
		67FCADD429242C5400632156 /* Debug */ = {
			isa = XCBuildConfiguration;
			buildSettings = {
				ALWAYS_EMBED_SWIFT_STANDARD_LIBRARIES = YES;
				CODE_SIGN_STYLE = Automatic;
				CURRENT_PROJECT_VERSION = 1;
				GENERATE_INFOPLIST_FILE = YES;
				MARKETING_VERSION = 1.0;
				PRODUCT_BUNDLE_IDENTIFIER = com.example.TodayUITests;
				PRODUCT_NAME = "$(TARGET_NAME)";
				SWIFT_EMIT_LOC_STRINGS = NO;
				SWIFT_VERSION = 5.0;
				TARGETED_DEVICE_FAMILY = "1,2";
				TEST_TARGET_NAME = Today;
			};
			name = Debug;
		};
		67FCADD529242C5400632156 /* Release */ = {
			isa = XCBuildConfiguration;
			buildSettings = {
				ALWAYS_EMBED_SWIFT_STANDARD_LIBRARIES = YES;
				CODE_SIGN_STYLE = Automatic;
				CURRENT_PROJECT_VERSION = 1;
				GENERATE_INFOPLIST_FILE = YES;
				MARKETING_VERSION = 1.0;
				PRODUCT_BUNDLE_IDENTIFIER = com.example.TodayUITests;
				PRODUCT_NAME = "$(TARGET_NAME)";
				SWIFT_EMIT_LOC_STRINGS = NO;
				SWIFT_VERSION = 5.0;
				TARGETED_DEVICE_FAMILY = "1,2";
				TEST_TARGET_NAME = Today;
			};
			name = Release;
		};
/* End XCBuildConfiguration section */

/* Begin XCConfigurationList section */
		67FCAD9E29242C5300632156 /* Build configuration list for PBXProject "Today" */ = {
			isa = XCConfigurationList;
			buildConfigurations = (
				67FCADCB29242C5400632156 /* Debug */,
				67FCADCC29242C5400632156 /* Release */,
			);
			defaultConfigurationIsVisible = 0;
			defaultConfigurationName = Release;
		};
		67FCADCD29242C5400632156 /* Build configuration list for PBXNativeTarget "Today" */ = {
			isa = XCConfigurationList;
			buildConfigurations = (
				67FCADCE29242C5400632156 /* Debug */,
				67FCADCF29242C5400632156 /* Release */,
			);
			defaultConfigurationIsVisible = 0;
			defaultConfigurationName = Release;
		};
		67FCADD029242C5400632156 /* Build configuration list for PBXNativeTarget "TodayTests" */ = {
			isa = XCConfigurationList;
			buildConfigurations = (
				67FCADD129242C5400632156 /* Debug */,
				67FCADD229242C5400632156 /* Release */,
			);
			defaultConfigurationIsVisible = 0;
			defaultConfigurationName = Release;
		};
		67FCADD329242C5400632156 /* Build configuration list for PBXNativeTarget "TodayUITests" */ = {
			isa = XCConfigurationList;
			buildConfigurations = (
				67FCADD429242C5400632156 /* Debug */,
				67FCADD529242C5400632156 /* Release */,
			);
			defaultConfigurationIsVisible = 0;
			defaultConfigurationName = Release;
		};
/* End XCConfigurationList section */
	};
	rootObject = 67FCAD9B29242C5300632156 /* Project object */;
}
